
Microsoft Visual Studio Solution File, Format Version 12.00
# Visual Studio Version 17
VisualStudioVersion = 17.10.35013.160
MinimumVisualStudioVersion = 10.0.40219.1
Project("{2150E333-8FDC-42A3-9474-1A3956D46DE8}") = "Application", "Application", "{1D3A3F88-DCFC-4532-A98B-6CDBBCC3C594}"
EndProject
Project("{2150E333-8FDC-42A3-9474-1A3956D46DE8}") = "Domain", "Domain", "{AA0C6C9F-55ED-4A70-BFA1-C3BCEFDCDC9B}"
EndProject
Project("{2150E333-8FDC-42A3-9474-1A3956D46DE8}") = "Infrastructure", "Infrastructure", "{50899518-AEA5-4556-B6B3-A136E8E8361C}"
EndProject
Project("{2150E333-8FDC-42A3-9474-1A3956D46DE8}") = "Presentation", "Presentation", "{B219A762-2D29-45D1-810F-909FAFB3810A}"
EndProject
Project("{2150E333-8FDC-42A3-9474-1A3956D46DE8}") = "Tests", "Tests", "{3CEFFDE3-4D0E-4659-B6EC-3F249C2912C1}"
EndProject
Project("{9A19103F-16F7-4668-BE54-9A1E7A4F7556}") = "OnionArchitectureProject.Domain", "OnionArchitectureProject.Domain\OnionArchitectureProject.Domain.csproj", "{06EF4234-BFC7-452F-A6A6-2ECFB34D8898}"
EndProject
Project("{9A19103F-16F7-4668-BE54-9A1E7A4F7556}") = "OnionArchitectureProject.Persistence", "OnionArchitectureProject.Persistence\OnionArchitectureProject.Persistence.csproj", "{B7DA2C4A-BE5D-4A0C-9F22-72EE25B0E5B0}"
EndProject
Project("{9A19103F-16F7-4668-BE54-9A1E7A4F7556}") = "OnionArchitectureProject.Application", "OnionArchitectureProject.Application\OnionArchitectureProject.Application.csproj", "{A09A646A-0E3E-464A-837E-696ADB816B17}"
EndProject
Project("{9A19103F-16F7-4668-BE54-9A1E7A4F7556}") = "OnionArchitectureProject.Authentication", "OnionArchitectureProject.Authentication\OnionArchitectureProject.Authentication.csproj", "{08ADAB4B-2602-47A1-8A8E-5680D530080A}"
EndProject
Project("{FAE04EC0-301F-11D3-BF4B-00C04F79EFBC}") = "OnionArchitectureProject.Web", "OnionArchitectureProject.Web\OnionArchitectureProject.Web.csproj", "{5BC427C3-8385-426D-A0B1-669EEECC94A3}"
EndProject
Global
	GlobalSection(SolutionConfigurationPlatforms) = preSolution
		Debug|Any CPU = Debug|Any CPU
		Release|Any CPU = Release|Any CPU
	EndGlobalSection
	GlobalSection(ProjectConfigurationPlatforms) = postSolution
		{06EF4234-BFC7-452F-A6A6-2ECFB34D8898}.Debug|Any CPU.ActiveCfg = Debug|Any CPU
		{06EF4234-BFC7-452F-A6A6-2ECFB34D8898}.Debug|Any CPU.Build.0 = Debug|Any CPU
		{06EF4234-BFC7-452F-A6A6-2ECFB34D8898}.Release|Any CPU.ActiveCfg = Release|Any CPU
		{06EF4234-BFC7-452F-A6A6-2ECFB34D8898}.Release|Any CPU.Build.0 = Release|Any CPU
		{B7DA2C4A-BE5D-4A0C-9F22-72EE25B0E5B0}.Debug|Any CPU.ActiveCfg = Debug|Any CPU
		{B7DA2C4A-BE5D-4A0C-9F22-72EE25B0E5B0}.Debug|Any CPU.Build.0 = Debug|Any CPU
		{B7DA2C4A-BE5D-4A0C-9F22-72EE25B0E5B0}.Release|Any CPU.ActiveCfg = Release|Any CPU
		{B7DA2C4A-BE5D-4A0C-9F22-72EE25B0E5B0}.Release|Any CPU.Build.0 = Release|Any CPU
		{A09A646A-0E3E-464A-837E-696ADB816B17}.Debug|Any CPU.ActiveCfg = Debug|Any CPU
		{A09A646A-0E3E-464A-837E-696ADB816B17}.Debug|Any CPU.Build.0 = Debug|Any CPU
		{A09A646A-0E3E-464A-837E-696ADB816B17}.Release|Any CPU.ActiveCfg = Release|Any CPU
		{A09A646A-0E3E-464A-837E-696ADB816B17}.Release|Any CPU.Build.0 = Release|Any CPU
		{08ADAB4B-2602-47A1-8A8E-5680D530080A}.Debug|Any CPU.ActiveCfg = Debug|Any CPU
		{08ADAB4B-2602-47A1-8A8E-5680D530080A}.Debug|Any CPU.Build.0 = Debug|Any CPU
		{08ADAB4B-2602-47A1-8A8E-5680D530080A}.Release|Any CPU.ActiveCfg = Release|Any CPU
		{08ADAB4B-2602-47A1-8A8E-5680D530080A}.Release|Any CPU.Build.0 = Release|Any CPU
		{5BC427C3-8385-426D-A0B1-669EEECC94A3}.Debug|Any CPU.ActiveCfg = Debug|Any CPU
		{5BC427C3-8385-426D-A0B1-669EEECC94A3}.Debug|Any CPU.Build.0 = Debug|Any CPU
		{5BC427C3-8385-426D-A0B1-669EEECC94A3}.Release|Any CPU.ActiveCfg = Release|Any CPU
		{5BC427C3-8385-426D-A0B1-669EEECC94A3}.Release|Any CPU.Build.0 = Release|Any CPU
	EndGlobalSection
	GlobalSection(SolutionProperties) = preSolution
		HideSolutionNode = FALSE
	EndGlobalSection
	GlobalSection(NestedProjects) = preSolution
		{06EF4234-BFC7-452F-A6A6-2ECFB34D8898} = {AA0C6C9F-55ED-4A70-BFA1-C3BCEFDCDC9B}
		{B7DA2C4A-BE5D-4A0C-9F22-72EE25B0E5B0} = {50899518-AEA5-4556-B6B3-A136E8E8361C}
		{A09A646A-0E3E-464A-837E-696ADB816B17} = {1D3A3F88-DCFC-4532-A98B-6CDBBCC3C594}
		{08ADAB4B-2602-47A1-8A8E-5680D530080A} = {50899518-AEA5-4556-B6B3-A136E8E8361C}
		{5BC427C3-8385-426D-A0B1-669EEECC94A3} = {B219A762-2D29-45D1-810F-909FAFB3810A}
	EndGlobalSection
	GlobalSection(ExtensibilityGlobals) = postSolution
		SolutionGuid = {1838AAFC-F9FE-49DD-9633-16041B635296}
	EndGlobalSection
EndGlobal
