
Microsoft Visual Studio Solution File, Format Version 12.00
# Visual Studio Version 17
VisualStudioVersion = 17.10.34928.147
MinimumVisualStudioVersion = 10.0.40219.1
Project("{2150E333-8FDC-42A3-9474-1A3956D46DE8}") = "Application", "Application", "{189B60BE-EE27-49D9-A319-4BBD55BB9403}"
EndProject
Project("{2150E333-8FDC-42A3-9474-1A3956D46DE8}") = "Domain", "Domain", "{16FB869A-6FDB-4801-893E-C38BD345C8B6}"
EndProject
Project("{2150E333-8FDC-42A3-9474-1A3956D46DE8}") = "Infrastructure", "Infrastructure", "{0C97F21F-C66F-4354-A578-FE8D44A45DC3}"
EndProject
Project("{2150E333-8FDC-42A3-9474-1A3956D46DE8}") = "Presentation", "Presentation", "{0217D426-940C-4A34-8ADC-FA14B36D0AB3}"
EndProject
Project("{2150E333-8FDC-42A3-9474-1A3956D46DE8}") = "Tests", "Tests", "{8F62B78B-9A79-4D66-A00F-CBAB814A0B87}"
EndProject
Project("{9A19103F-16F7-4668-BE54-9A1E7A4F7556}") = "OnionArchitectureProject.Application", "OnionArchitectureProject.Application\OnionArchitectureProject.Application.csproj", "{8AEC986B-483F-479B-9615-8A25056C1D89}"
EndProject
Project("{9A19103F-16F7-4668-BE54-9A1E7A4F7556}") = "OnionArchitecture.Domain", "OnionArchitecture.Domain\OnionArchitecture.Domain.csproj", "{8AFA6C57-68A9-45EB-ABE6-7DE705C86CF7}"
EndProject
Project("{9A19103F-16F7-4668-BE54-9A1E7A4F7556}") = "OnionArchitectureProject.Persistence", "OnionArchitectureProject.Persistence\OnionArchitectureProject.Persistence.csproj", "{7263FBC4-92E9-4278-B99F-91BB388730D4}"
EndProject
Project("{9A19103F-16F7-4668-BE54-9A1E7A4F7556}") = "OnionArchitectureProject.Api", "OnionArchitectureProject.Api\OnionArchitectureProject.Api.csproj", "{280E4B1C-084D-4E28-A817-5E8FB6A0341B}"
EndProject
Project("{9A19103F-16F7-4668-BE54-9A1E7A4F7556}") = "OnionArchitecture.Authentication", "OnionArchitecture.Authentication\OnionArchitecture.Authentication.csproj", "{7ABE8468-531C-4BE6-8D84-008981E26386}"
EndProject
Project("{FAE04EC0-301F-11D3-BF4B-00C04F79EFBC}") = "OnionArchitecture.ApiWithIdentity", "OnionArchitecture.ApiWithIdentity\OnionArchitecture.ApiWithIdentity.csproj", "{A4F502E0-9BB0-49EF-8613-21C412F0CC1C}"
EndProject
Global
	GlobalSection(SolutionConfigurationPlatforms) = preSolution
		Debug|Any CPU = Debug|Any CPU
		Release|Any CPU = Release|Any CPU
	EndGlobalSection
	GlobalSection(ProjectConfigurationPlatforms) = postSolution
		{8AEC986B-483F-479B-9615-8A25056C1D89}.Debug|Any CPU.ActiveCfg = Debug|Any CPU
		{8AEC986B-483F-479B-9615-8A25056C1D89}.Debug|Any CPU.Build.0 = Debug|Any CPU
		{8AEC986B-483F-479B-9615-8A25056C1D89}.Release|Any CPU.ActiveCfg = Release|Any CPU
		{8AEC986B-483F-479B-9615-8A25056C1D89}.Release|Any CPU.Build.0 = Release|Any CPU
		{8AFA6C57-68A9-45EB-ABE6-7DE705C86CF7}.Debug|Any CPU.ActiveCfg = Debug|Any CPU
		{8AFA6C57-68A9-45EB-ABE6-7DE705C86CF7}.Debug|Any CPU.Build.0 = Debug|Any CPU
		{8AFA6C57-68A9-45EB-ABE6-7DE705C86CF7}.Release|Any CPU.ActiveCfg = Release|Any CPU
		{8AFA6C57-68A9-45EB-ABE6-7DE705C86CF7}.Release|Any CPU.Build.0 = Release|Any CPU
		{7263FBC4-92E9-4278-B99F-91BB388730D4}.Debug|Any CPU.ActiveCfg = Debug|Any CPU
		{7263FBC4-92E9-4278-B99F-91BB388730D4}.Debug|Any CPU.Build.0 = Debug|Any CPU
		{7263FBC4-92E9-4278-B99F-91BB388730D4}.Release|Any CPU.ActiveCfg = Release|Any CPU
		{7263FBC4-92E9-4278-B99F-91BB388730D4}.Release|Any CPU.Build.0 = Release|Any CPU
		{280E4B1C-084D-4E28-A817-5E8FB6A0341B}.Debug|Any CPU.ActiveCfg = Debug|Any CPU
		{280E4B1C-084D-4E28-A817-5E8FB6A0341B}.Debug|Any CPU.Build.0 = Debug|Any CPU
		{280E4B1C-084D-4E28-A817-5E8FB6A0341B}.Release|Any CPU.ActiveCfg = Release|Any CPU
		{280E4B1C-084D-4E28-A817-5E8FB6A0341B}.Release|Any CPU.Build.0 = Release|Any CPU
		{7ABE8468-531C-4BE6-8D84-008981E26386}.Debug|Any CPU.ActiveCfg = Debug|Any CPU
		{7ABE8468-531C-4BE6-8D84-008981E26386}.Debug|Any CPU.Build.0 = Debug|Any CPU
		{7ABE8468-531C-4BE6-8D84-008981E26386}.Release|Any CPU.ActiveCfg = Release|Any CPU
		{7ABE8468-531C-4BE6-8D84-008981E26386}.Release|Any CPU.Build.0 = Release|Any CPU
		{A4F502E0-9BB0-49EF-8613-21C412F0CC1C}.Debug|Any CPU.ActiveCfg = Debug|Any CPU
		{A4F502E0-9BB0-49EF-8613-21C412F0CC1C}.Debug|Any CPU.Build.0 = Debug|Any CPU
		{A4F502E0-9BB0-49EF-8613-21C412F0CC1C}.Release|Any CPU.ActiveCfg = Release|Any CPU
		{A4F502E0-9BB0-49EF-8613-21C412F0CC1C}.Release|Any CPU.Build.0 = Release|Any CPU
	EndGlobalSection
	GlobalSection(SolutionProperties) = preSolution
		HideSolutionNode = FALSE
	EndGlobalSection
	GlobalSection(NestedProjects) = preSolution
		{8AEC986B-483F-479B-9615-8A25056C1D89} = {189B60BE-EE27-49D9-A319-4BBD55BB9403}
		{8AFA6C57-68A9-45EB-ABE6-7DE705C86CF7} = {16FB869A-6FDB-4801-893E-C38BD345C8B6}
		{7263FBC4-92E9-4278-B99F-91BB388730D4} = {0C97F21F-C66F-4354-A578-FE8D44A45DC3}
		{280E4B1C-084D-4E28-A817-5E8FB6A0341B} = {0217D426-940C-4A34-8ADC-FA14B36D0AB3}
		{7ABE8468-531C-4BE6-8D84-008981E26386} = {0C97F21F-C66F-4354-A578-FE8D44A45DC3}
		{A4F502E0-9BB0-49EF-8613-21C412F0CC1C} = {0217D426-940C-4A34-8ADC-FA14B36D0AB3}
	EndGlobalSection
	GlobalSection(ExtensibilityGlobals) = postSolution
		SolutionGuid = {60264EF3-E7F7-4FFA-8AF8-F7789FD4D705}
	EndGlobalSection
EndGlobal
